// !$*UTF8*$!
{
	archiveVersion = 1;
	classes = {
	};
	objectVersion = 55;
	objects = {

/* Begin PBXBuildFile section */
		278B0E862B698FEF00BAFFEB /* UserProfileContentConfiguration.swift in Sources */ = {isa = PBXBuildFile; fileRef = 278B0E852B698FEF00BAFFEB /* UserProfileContentConfiguration.swift */; };
		278B0E882B6990DE00BAFFEB /* UserProfileContentView.swift in Sources */ = {isa = PBXBuildFile; fileRef = 278B0E872B6990DE00BAFFEB /* UserProfileContentView.swift */; };
		278B0E8A2B69ADA100BAFFEB /* UserProfileCell.swift in Sources */ = {isa = PBXBuildFile; fileRef = 278B0E892B69ADA100BAFFEB /* UserProfileCell.swift */; };
		278B0E8C2B69B52400BAFFEB /* UserProfileContentViewViewModel.swift in Sources */ = {isa = PBXBuildFile; fileRef = 278B0E8B2B69B52400BAFFEB /* UserProfileContentViewViewModel.swift */; };
		278B0E8E2B7BD2AC00BAFFEB /* UserProfileCoordinator.swift in Sources */ = {isa = PBXBuildFile; fileRef = 278B0E8D2B7BD2AC00BAFFEB /* UserProfileCoordinator.swift */; };
		278B0E902B7BD39300BAFFEB /* UserProfileViewModel.swift in Sources */ = {isa = PBXBuildFile; fileRef = 278B0E8F2B7BD39300BAFFEB /* UserProfileViewModel.swift */; };
		278B0E922B7C136100BAFFEB /* RootTabBarCoordinator.swift in Sources */ = {isa = PBXBuildFile; fileRef = 278B0E912B7C136100BAFFEB /* RootTabBarCoordinator.swift */; };
		27B153282B4DF0BF001CA0A8 /* Roboto-Bold.ttf in Resources */ = {isa = PBXBuildFile; fileRef = 27B153232B4DF0BF001CA0A8 /* Roboto-Bold.ttf */; };
		27B153292B4DF0BF001CA0A8 /* Roboto-Regular.ttf in Resources */ = {isa = PBXBuildFile; fileRef = 27B153242B4DF0BF001CA0A8 /* Roboto-Regular.ttf */; };
		27B1532A2B4DF0BF001CA0A8 /* Roboto-Thin.ttf in Resources */ = {isa = PBXBuildFile; fileRef = 27B153252B4DF0BF001CA0A8 /* Roboto-Thin.ttf */; };
		27B1532B2B4DF0BF001CA0A8 /* Roboto-Medium.ttf in Resources */ = {isa = PBXBuildFile; fileRef = 27B153262B4DF0BF001CA0A8 /* Roboto-Medium.ttf */; };
		27B1532C2B4DF0BF001CA0A8 /* Roboto-Light.ttf in Resources */ = {isa = PBXBuildFile; fileRef = 27B153272B4DF0BF001CA0A8 /* Roboto-Light.ttf */; };
		27B1532E2B4E08BF001CA0A8 /* AuthCoordinator.swift in Sources */ = {isa = PBXBuildFile; fileRef = 27B1532D2B4E08BF001CA0A8 /* AuthCoordinator.swift */; };
		27B153302B4E08E9001CA0A8 /* OnboardingCoordinator.swift in Sources */ = {isa = PBXBuildFile; fileRef = 27B1532F2B4E08E9001CA0A8 /* OnboardingCoordinator.swift */; };
		27B153322B4E29DF001CA0A8 /* MapViewHeader.swift in Sources */ = {isa = PBXBuildFile; fileRef = 27B153312B4E29DF001CA0A8 /* MapViewHeader.swift */; };
		2C1C3778B21090FBFC193DEA /* Pods_CoWorkMobileApp_CoWorkMobileAppUITests.framework in Frameworks */ = {isa = PBXBuildFile; fileRef = 0111B5FE5E9F75E66C43F388 /* Pods_CoWorkMobileApp_CoWorkMobileAppUITests.framework */; };
		2D0E53A6289ACF0700D77978 /* AppDelegate.swift in Sources */ = {isa = PBXBuildFile; fileRef = 2D0E53A5289ACF0700D77978 /* AppDelegate.swift */; };
		2D0E53A8289ACF0700D77978 /* SceneDelegate.swift in Sources */ = {isa = PBXBuildFile; fileRef = 2D0E53A7289ACF0700D77978 /* SceneDelegate.swift */; };
		2D0E53AA289ACF0700D77978 /* WelcomeViewController.swift in Sources */ = {isa = PBXBuildFile; fileRef = 2D0E53A9289ACF0700D77978 /* WelcomeViewController.swift */; };
		2D0E53AF289ACF0800D77978 /* Assets.xcassets in Resources */ = {isa = PBXBuildFile; fileRef = 2D0E53AE289ACF0800D77978 /* Assets.xcassets */; };
		2D0E53B2289ACF0800D77978 /* LaunchScreen.storyboard in Resources */ = {isa = PBXBuildFile; fileRef = 2D0E53B0289ACF0800D77978 /* LaunchScreen.storyboard */; };
		2D0E53BD289ACF0800D77978 /* CoWorkMobileAppTests.swift in Sources */ = {isa = PBXBuildFile; fileRef = 2D0E53BC289ACF0800D77978 /* CoWorkMobileAppTests.swift */; };
		2D0E53C7289ACF0800D77978 /* CoWorkMobileAppUITests.swift in Sources */ = {isa = PBXBuildFile; fileRef = 2D0E53C6289ACF0800D77978 /* CoWorkMobileAppUITests.swift */; };
		2D0E53C9289ACF0800D77978 /* CoWorkMobileAppUITestsLaunchTests.swift in Sources */ = {isa = PBXBuildFile; fileRef = 2D0E53C8289ACF0800D77978 /* CoWorkMobileAppUITestsLaunchTests.swift */; };
		2D4207B0289AEED400F82B1F /* User.swift in Sources */ = {isa = PBXBuildFile; fileRef = 2D4207AF289AEED400F82B1F /* User.swift */; };
		2D4207C0289AFEF100F82B1F /* Theme.swift in Sources */ = {isa = PBXBuildFile; fileRef = 2D4207BF289AFEF100F82B1F /* Theme.swift */; };
		2D4207C2289B05E800F82B1F /* WelcomeViewModel.swift in Sources */ = {isa = PBXBuildFile; fileRef = 2D4207C1289B05E800F82B1F /* WelcomeViewModel.swift */; };
		2D4207C4289B146700F82B1F /* AccountRegistrationViewModel.swift in Sources */ = {isa = PBXBuildFile; fileRef = 2D4207C3289B146700F82B1F /* AccountRegistrationViewModel.swift */; };
		2D4207C6289B14C400F82B1F /* CustomUIButton.swift in Sources */ = {isa = PBXBuildFile; fileRef = 2D4207C5289B14C400F82B1F /* CustomUIButton.swift */; };
		2D4207C9289B168100F82B1F /* AuthManager.swift in Sources */ = {isa = PBXBuildFile; fileRef = 2D4207C8289B168100F82B1F /* AuthManager.swift */; };
		2D4207CB289B16EC00F82B1F /* UserManager.swift in Sources */ = {isa = PBXBuildFile; fileRef = 2D4207CA289B16EC00F82B1F /* UserManager.swift */; };
		2D4207CD289B178C00F82B1F /* AlertingViewController.swift in Sources */ = {isa = PBXBuildFile; fileRef = 2D4207CC289B178C00F82B1F /* AlertingViewController.swift */; };
		2D4207CF289B17B300F82B1F /* UITextFieldExtension.swift in Sources */ = {isa = PBXBuildFile; fileRef = 2D4207CE289B17B300F82B1F /* UITextFieldExtension.swift */; };
		2D4207D1289B181200F82B1F /* AccountRegistrationViewController.swift in Sources */ = {isa = PBXBuildFile; fileRef = 2D4207D0289B181100F82B1F /* AccountRegistrationViewController.swift */; };
		2D4207D5289B41A100F82B1F /* NotificationBanner.swift in Sources */ = {isa = PBXBuildFile; fileRef = 2D4207D4289B41A100F82B1F /* NotificationBanner.swift */; };
		2D4207D728A1726200F82B1F /* LoginViewController.swift in Sources */ = {isa = PBXBuildFile; fileRef = 2D4207D628A1726100F82B1F /* LoginViewController.swift */; };
		2D4207D928A172E500F82B1F /* LoginViewModel.swift in Sources */ = {isa = PBXBuildFile; fileRef = 2D4207D828A172E500F82B1F /* LoginViewModel.swift */; };
		2D64F90B28CA4AF00092C479 /* LoginViewControllerTest.swift in Sources */ = {isa = PBXBuildFile; fileRef = 2D64F90A28CA4AF00092C479 /* LoginViewControllerTest.swift */; };
		2D64F90D28CA4FCC0092C479 /* AccountRegistrationViewControllerTest.swift in Sources */ = {isa = PBXBuildFile; fileRef = 2D64F90C28CA4FCC0092C479 /* AccountRegistrationViewControllerTest.swift */; };
		2D66086828A2D3F800C76819 /* WelcomeViewModelTest.swift in Sources */ = {isa = PBXBuildFile; fileRef = 2D66086728A2D3F800C76819 /* WelcomeViewModelTest.swift */; };
		2D66086A28A2DAC200C76819 /* AccountRegistrationViewModelTest.swift in Sources */ = {isa = PBXBuildFile; fileRef = 2D66086928A2DAC200C76819 /* AccountRegistrationViewModelTest.swift */; };
		2D66086C28A2E07700C76819 /* LoginViewModelTest.swift in Sources */ = {isa = PBXBuildFile; fileRef = 2D66086B28A2E07700C76819 /* LoginViewModelTest.swift */; };
		2D66086E28A40C6E00C76819 /* WorkspaceListViewController.swift in Sources */ = {isa = PBXBuildFile; fileRef = 2D66086D28A40C6E00C76819 /* WorkspaceListViewController.swift */; };
		2D66087028A40D1100C76819 /* CollectionsViewController.swift in Sources */ = {isa = PBXBuildFile; fileRef = 2D66086F28A40D1100C76819 /* CollectionsViewController.swift */; };
		2D66087228A40D9800C76819 /* UserProfileViewController.swift in Sources */ = {isa = PBXBuildFile; fileRef = 2D66087128A40D9800C76819 /* UserProfileViewController.swift */; };
		2D66087428A4107600C76819 /* RootTabBarController.swift in Sources */ = {isa = PBXBuildFile; fileRef = 2D66087328A4107600C76819 /* RootTabBarController.swift */; };
		2D66087628A4186B00C76819 /* RootTabBarViewModel.swift in Sources */ = {isa = PBXBuildFile; fileRef = 2D66087528A4186B00C76819 /* RootTabBarViewModel.swift */; };
		2D66087828A44FD200C76819 /* RoundedUITabBarController.swift in Sources */ = {isa = PBXBuildFile; fileRef = 2D66087728A44FD200C76819 /* RoundedUITabBarController.swift */; };
		2D66087A28A5CCA300C76819 /* WorkspaceListViewModel.swift in Sources */ = {isa = PBXBuildFile; fileRef = 2D66087928A5CCA300C76819 /* WorkspaceListViewModel.swift */; };
		2D66087D28A5F35800C76819 /* WorkspaceListContentConfiguration.swift in Sources */ = {isa = PBXBuildFile; fileRef = 2D66087C28A5F35800C76819 /* WorkspaceListContentConfiguration.swift */; };
		2D66088128A5F3E300C76819 /* WorkspaceListContentView.swift in Sources */ = {isa = PBXBuildFile; fileRef = 2D66088028A5F3E300C76819 /* WorkspaceListContentView.swift */; };
		2D66088328A6AED200C76819 /* Workspace.swift in Sources */ = {isa = PBXBuildFile; fileRef = 2D66088228A6AED200C76819 /* Workspace.swift */; };
		2D66088528AAAD0400C76819 /* HeaderView.swift in Sources */ = {isa = PBXBuildFile; fileRef = 2D66088428AAAD0400C76819 /* HeaderView.swift */; };
		2D66088728AAB3D700C76819 /* SectionHeaderSupplementaryView.swift in Sources */ = {isa = PBXBuildFile; fileRef = 2D66088628AAB3D700C76819 /* SectionHeaderSupplementaryView.swift */; };
		2D66088928AAB54C00C76819 /* WorkspaceManager.swift in Sources */ = {isa = PBXBuildFile; fileRef = 2D66088828AAB54C00C76819 /* WorkspaceManager.swift */; };
		2D66088B28AB0EB500C76819 /* WorkspaceListCell.swift in Sources */ = {isa = PBXBuildFile; fileRef = 2D66088A28AB0EB500C76819 /* WorkspaceListCell.swift */; };
		2D66089028B5B4FB00C76819 /* WorkspaceListContentViewViewModel.swift in Sources */ = {isa = PBXBuildFile; fileRef = 2D66088F28B5B4FB00C76819 /* WorkspaceListContentViewViewModel.swift */; };
		2D66089228BE9DE400C76819 /* RootTabBarViewModelTest.swift in Sources */ = {isa = PBXBuildFile; fileRef = 2D66089128BE9DE400C76819 /* RootTabBarViewModelTest.swift */; };
		2D738B862A01A37C00BD50BE /* WorkspaceReviewPopOverViewController.swift in Sources */ = {isa = PBXBuildFile; fileRef = 2D738B852A01A37C00BD50BE /* WorkspaceReviewPopOverViewController.swift */; };
		2DA5078729E8B8BC008C53D2 /* WorkspaceReview.swift in Sources */ = {isa = PBXBuildFile; fileRef = 2DA5078629E8B8BC008C53D2 /* WorkspaceReview.swift */; };
		2DA5078929EDF626008C53D2 /* WorkspaceDetailReviewContentView.swift in Sources */ = {isa = PBXBuildFile; fileRef = 2DA5078829EDF626008C53D2 /* WorkspaceDetailReviewContentView.swift */; };
		2DA5078B29EDF6DF008C53D2 /* WorkspaceDetailReviewContentConfiguration.swift in Sources */ = {isa = PBXBuildFile; fileRef = 2DA5078A29EDF6DF008C53D2 /* WorkspaceDetailReviewContentConfiguration.swift */; };
		2DA5078D29EE0EF1008C53D2 /* WorkspaceDetailReviewCell.swift in Sources */ = {isa = PBXBuildFile; fileRef = 2DA5078C29EE0EF1008C53D2 /* WorkspaceDetailReviewCell.swift */; };
		2DA5078F29F0546E008C53D2 /* CircularImageView.swift in Sources */ = {isa = PBXBuildFile; fileRef = 2DA5078E29F0546E008C53D2 /* CircularImageView.swift */; };
		2DA5079129F06722008C53D2 /* WorkspaceDetailReviewContentViewViewModel.swift in Sources */ = {isa = PBXBuildFile; fileRef = 2DA5079029F06722008C53D2 /* WorkspaceDetailReviewContentViewViewModel.swift */; };
		2DABF5B528DBB4C0007D660E /* MapViewController.swift in Sources */ = {isa = PBXBuildFile; fileRef = 2DABF5B428DBB4C0007D660E /* MapViewController.swift */; };
		2DABF5B728DBF573007D660E /* MapViewModel.swift in Sources */ = {isa = PBXBuildFile; fileRef = 2DABF5B628DBF573007D660E /* MapViewModel.swift */; };
		2DC2CFC528F600B500FB7ACE /* Coordinator.swift in Sources */ = {isa = PBXBuildFile; fileRef = 2DC2CFC428F600B500FB7ACE /* Coordinator.swift */; };
		2DC2CFC728F63C9700FB7ACE /* AppCoordinator.swift in Sources */ = {isa = PBXBuildFile; fileRef = 2DC2CFC628F63C9700FB7ACE /* AppCoordinator.swift */; };
		2DC2CFC928F752A200FB7ACE /* WorkspaceCoordinator.swift in Sources */ = {isa = PBXBuildFile; fileRef = 2DC2CFC828F752A200FB7ACE /* WorkspaceCoordinator.swift */; };
		2DC810A02983194800666610 /* WorkspaceDetailImageContentView.swift in Sources */ = {isa = PBXBuildFile; fileRef = 2DC8109F2983194800666610 /* WorkspaceDetailImageContentView.swift */; };
		2DC810A22983206600666610 /* WorkspaceDetailViewController.swift in Sources */ = {isa = PBXBuildFile; fileRef = 2DC810A12983206600666610 /* WorkspaceDetailViewController.swift */; };
		2DC810A42983320500666610 /* WorkspaceDetailImageContentConfiguration.swift in Sources */ = {isa = PBXBuildFile; fileRef = 2DC810A32983320500666610 /* WorkspaceDetailImageContentConfiguration.swift */; };
		2DC810A6298334D200666610 /* WorkspaceDetailImageCell.swift in Sources */ = {isa = PBXBuildFile; fileRef = 2DC810A5298334D200666610 /* WorkspaceDetailImageCell.swift */; };
		2DC810A829844C3B00666610 /* WorkspaceDetailImageContentViewViewModel.swift in Sources */ = {isa = PBXBuildFile; fileRef = 2DC810A729844C3B00666610 /* WorkspaceDetailImageContentViewViewModel.swift */; };
		2DC810AA2984511C00666610 /* WorkspaceDetailViewModel.swift in Sources */ = {isa = PBXBuildFile; fileRef = 2DC810A92984511C00666610 /* WorkspaceDetailViewModel.swift */; };
		2DC810AC2989875600666610 /* WorkspaceDetailContentView.swift in Sources */ = {isa = PBXBuildFile; fileRef = 2DC810AB2989875600666610 /* WorkspaceDetailContentView.swift */; };
		2DC810AE29898C6100666610 /* WorkspaceDetailContentConfiguration.swift in Sources */ = {isa = PBXBuildFile; fileRef = 2DC810AD29898C6100666610 /* WorkspaceDetailContentConfiguration.swift */; };
		2DC810B0298990F800666610 /* WorkspaceDetailCell.swift in Sources */ = {isa = PBXBuildFile; fileRef = 2DC810AF298990F800666610 /* WorkspaceDetailCell.swift */; };
		2DC810B2298991D800666610 /* WorkspaceDetailContentViewViewModel.swift in Sources */ = {isa = PBXBuildFile; fileRef = 2DC810B1298991D800666610 /* WorkspaceDetailContentViewViewModel.swift */; };
		2DC810B82992F8B200666610 /* DateFormatHelper.swift in Sources */ = {isa = PBXBuildFile; fileRef = 2DC810B72992F8B200666610 /* DateFormatHelper.swift */; };
		2DC9246729280AF8000DF340 /* MapAnnotation.swift in Sources */ = {isa = PBXBuildFile; fileRef = 2DC9246629280AF8000DF340 /* MapAnnotation.swift */; };
		2DC9246B2936892D000DF340 /* LocationHelper.swift in Sources */ = {isa = PBXBuildFile; fileRef = 2DC9246A2936892D000DF340 /* LocationHelper.swift */; };
		2DC9246D294A5971000DF340 /* WorkplaceAnnotationView.swift in Sources */ = {isa = PBXBuildFile; fileRef = 2DC9246C294A5971000DF340 /* WorkplaceAnnotationView.swift */; };
		3627C0148EAB6A5014206B80 /* Pods_CoWorkMobileAppTests.framework in Frameworks */ = {isa = PBXBuildFile; fileRef = F4268F4EAB3012BD8E5D97A7 /* Pods_CoWorkMobileAppTests.framework */; };
		E2EFAE3E9F60A62382FE224C /* Pods_CoWorkMobileApp.framework in Frameworks */ = {isa = PBXBuildFile; fileRef = 12223D324A989B5DBA0B125D /* Pods_CoWorkMobileApp.framework */; };
/* End PBXBuildFile section */

/* Begin PBXContainerItemProxy section */
		2D0E53B9289ACF0800D77978 /* PBXContainerItemProxy */ = {
			isa = PBXContainerItemProxy;
			containerPortal = 2D0E539A289ACF0600D77978 /* Project object */;
			proxyType = 1;
			remoteGlobalIDString = 2D0E53A1289ACF0700D77978;
			remoteInfo = CoWorkMobileApp;
		};
		2D0E53C3289ACF0800D77978 /* PBXContainerItemProxy */ = {
			isa = PBXContainerItemProxy;
			containerPortal = 2D0E539A289ACF0600D77978 /* Project object */;
			proxyType = 1;
			remoteGlobalIDString = 2D0E53A1289ACF0700D77978;
			remoteInfo = CoWorkMobileApp;
		};
/* End PBXContainerItemProxy section */

/* Begin PBXFileReference section */
		0111B5FE5E9F75E66C43F388 /* Pods_CoWorkMobileApp_CoWorkMobileAppUITests.framework */ = {isa = PBXFileReference; explicitFileType = wrapper.framework; includeInIndex = 0; path = Pods_CoWorkMobileApp_CoWorkMobileAppUITests.framework; sourceTree = BUILT_PRODUCTS_DIR; };
		12223D324A989B5DBA0B125D /* Pods_CoWorkMobileApp.framework */ = {isa = PBXFileReference; explicitFileType = wrapper.framework; includeInIndex = 0; path = Pods_CoWorkMobileApp.framework; sourceTree = BUILT_PRODUCTS_DIR; };
		278B0E852B698FEF00BAFFEB /* UserProfileContentConfiguration.swift */ = {isa = PBXFileReference; lastKnownFileType = sourcecode.swift; path = UserProfileContentConfiguration.swift; sourceTree = "<group>"; };
		278B0E872B6990DE00BAFFEB /* UserProfileContentView.swift */ = {isa = PBXFileReference; lastKnownFileType = sourcecode.swift; path = UserProfileContentView.swift; sourceTree = "<group>"; };
		278B0E892B69ADA100BAFFEB /* UserProfileCell.swift */ = {isa = PBXFileReference; lastKnownFileType = sourcecode.swift; path = UserProfileCell.swift; sourceTree = "<group>"; };
		278B0E8B2B69B52400BAFFEB /* UserProfileContentViewViewModel.swift */ = {isa = PBXFileReference; lastKnownFileType = sourcecode.swift; path = UserProfileContentViewViewModel.swift; sourceTree = "<group>"; };
		278B0E8D2B7BD2AC00BAFFEB /* UserProfileCoordinator.swift */ = {isa = PBXFileReference; lastKnownFileType = sourcecode.swift; path = UserProfileCoordinator.swift; sourceTree = "<group>"; };
		278B0E8F2B7BD39300BAFFEB /* UserProfileViewModel.swift */ = {isa = PBXFileReference; lastKnownFileType = sourcecode.swift; path = UserProfileViewModel.swift; sourceTree = "<group>"; };
		278B0E912B7C136100BAFFEB /* RootTabBarCoordinator.swift */ = {isa = PBXFileReference; lastKnownFileType = sourcecode.swift; path = RootTabBarCoordinator.swift; sourceTree = "<group>"; };
		278B0E932B7E7DEC00BAFFEB /* CoWorkMobileApp.entitlements */ = {isa = PBXFileReference; lastKnownFileType = text.plist.entitlements; path = CoWorkMobileApp.entitlements; sourceTree = "<group>"; };
		27B153232B4DF0BF001CA0A8 /* Roboto-Bold.ttf */ = {isa = PBXFileReference; lastKnownFileType = file; name = "Roboto-Bold.ttf"; path = "../../../../../Documents - BrooklynAfro's MacBook Pro/iOS/CoWorkMobileApp/CoWorkMobileApp/Shared/Roboto-Bold.ttf"; sourceTree = "<group>"; };
		27B153242B4DF0BF001CA0A8 /* Roboto-Regular.ttf */ = {isa = PBXFileReference; lastKnownFileType = file; name = "Roboto-Regular.ttf"; path = "../../../../../Documents - BrooklynAfro's MacBook Pro/iOS/CoWorkMobileApp/CoWorkMobileApp/Shared/Roboto-Regular.ttf"; sourceTree = "<group>"; };
		27B153252B4DF0BF001CA0A8 /* Roboto-Thin.ttf */ = {isa = PBXFileReference; lastKnownFileType = file; name = "Roboto-Thin.ttf"; path = "../../../../../Documents - BrooklynAfro's MacBook Pro/iOS/CoWorkMobileApp/CoWorkMobileApp/Shared/Roboto-Thin.ttf"; sourceTree = "<group>"; };
		27B153262B4DF0BF001CA0A8 /* Roboto-Medium.ttf */ = {isa = PBXFileReference; lastKnownFileType = file; name = "Roboto-Medium.ttf"; path = "../../../../../Documents - BrooklynAfro's MacBook Pro/iOS/CoWorkMobileApp/CoWorkMobileApp/Shared/Roboto-Medium.ttf"; sourceTree = "<group>"; };
		27B153272B4DF0BF001CA0A8 /* Roboto-Light.ttf */ = {isa = PBXFileReference; lastKnownFileType = file; name = "Roboto-Light.ttf"; path = "../../../../../Documents - BrooklynAfro's MacBook Pro/iOS/CoWorkMobileApp/CoWorkMobileApp/Shared/Roboto-Light.ttf"; sourceTree = "<group>"; };
		27B1532D2B4E08BF001CA0A8 /* AuthCoordinator.swift */ = {isa = PBXFileReference; lastKnownFileType = sourcecode.swift; path = AuthCoordinator.swift; sourceTree = "<group>"; };
		27B1532F2B4E08E9001CA0A8 /* OnboardingCoordinator.swift */ = {isa = PBXFileReference; lastKnownFileType = sourcecode.swift; path = OnboardingCoordinator.swift; sourceTree = "<group>"; };
		27B153312B4E29DF001CA0A8 /* MapViewHeader.swift */ = {isa = PBXFileReference; lastKnownFileType = sourcecode.swift; path = MapViewHeader.swift; sourceTree = "<group>"; };
		2D0E53A2289ACF0700D77978 /* CoWorkMobileApp.app */ = {isa = PBXFileReference; explicitFileType = wrapper.application; includeInIndex = 0; path = CoWorkMobileApp.app; sourceTree = BUILT_PRODUCTS_DIR; };
		2D0E53A5289ACF0700D77978 /* AppDelegate.swift */ = {isa = PBXFileReference; lastKnownFileType = sourcecode.swift; path = AppDelegate.swift; sourceTree = "<group>"; };
		2D0E53A7289ACF0700D77978 /* SceneDelegate.swift */ = {isa = PBXFileReference; lastKnownFileType = sourcecode.swift; path = SceneDelegate.swift; sourceTree = "<group>"; };
		2D0E53A9289ACF0700D77978 /* WelcomeViewController.swift */ = {isa = PBXFileReference; lastKnownFileType = sourcecode.swift; path = WelcomeViewController.swift; sourceTree = "<group>"; };
		2D0E53AE289ACF0800D77978 /* Assets.xcassets */ = {isa = PBXFileReference; lastKnownFileType = folder.assetcatalog; path = Assets.xcassets; sourceTree = "<group>"; };
		2D0E53B1289ACF0800D77978 /* Base */ = {isa = PBXFileReference; lastKnownFileType = file.storyboard; name = Base; path = Base.lproj/LaunchScreen.storyboard; sourceTree = "<group>"; };
		2D0E53B3289ACF0800D77978 /* Info.plist */ = {isa = PBXFileReference; lastKnownFileType = text.plist.xml; path = Info.plist; sourceTree = "<group>"; };
		2D0E53B8289ACF0800D77978 /* CoWorkMobileAppTests.xctest */ = {isa = PBXFileReference; explicitFileType = wrapper.cfbundle; includeInIndex = 0; path = CoWorkMobileAppTests.xctest; sourceTree = BUILT_PRODUCTS_DIR; };
		2D0E53BC289ACF0800D77978 /* CoWorkMobileAppTests.swift */ = {isa = PBXFileReference; lastKnownFileType = sourcecode.swift; path = CoWorkMobileAppTests.swift; sourceTree = "<group>"; };
		2D0E53C2289ACF0800D77978 /* CoWorkMobileAppUITests.xctest */ = {isa = PBXFileReference; explicitFileType = wrapper.cfbundle; includeInIndex = 0; path = CoWorkMobileAppUITests.xctest; sourceTree = BUILT_PRODUCTS_DIR; };
		2D0E53C6289ACF0800D77978 /* CoWorkMobileAppUITests.swift */ = {isa = PBXFileReference; lastKnownFileType = sourcecode.swift; path = CoWorkMobileAppUITests.swift; sourceTree = "<group>"; };
		2D0E53C8289ACF0800D77978 /* CoWorkMobileAppUITestsLaunchTests.swift */ = {isa = PBXFileReference; lastKnownFileType = sourcecode.swift; path = CoWorkMobileAppUITestsLaunchTests.swift; sourceTree = "<group>"; };
		2D4207AF289AEED400F82B1F /* User.swift */ = {isa = PBXFileReference; lastKnownFileType = sourcecode.swift; path = User.swift; sourceTree = "<group>"; };
		2D4207BF289AFEF100F82B1F /* Theme.swift */ = {isa = PBXFileReference; lastKnownFileType = sourcecode.swift; path = Theme.swift; sourceTree = "<group>"; };
		2D4207C1289B05E800F82B1F /* WelcomeViewModel.swift */ = {isa = PBXFileReference; lastKnownFileType = sourcecode.swift; path = WelcomeViewModel.swift; sourceTree = "<group>"; };
		2D4207C3289B146700F82B1F /* AccountRegistrationViewModel.swift */ = {isa = PBXFileReference; lastKnownFileType = sourcecode.swift; path = AccountRegistrationViewModel.swift; sourceTree = "<group>"; };
		2D4207C5289B14C400F82B1F /* CustomUIButton.swift */ = {isa = PBXFileReference; lastKnownFileType = sourcecode.swift; path = CustomUIButton.swift; sourceTree = "<group>"; };
		2D4207C8289B168100F82B1F /* AuthManager.swift */ = {isa = PBXFileReference; lastKnownFileType = sourcecode.swift; path = AuthManager.swift; sourceTree = "<group>"; };
		2D4207CA289B16EC00F82B1F /* UserManager.swift */ = {isa = PBXFileReference; lastKnownFileType = sourcecode.swift; path = UserManager.swift; sourceTree = "<group>"; };
		2D4207CC289B178C00F82B1F /* AlertingViewController.swift */ = {isa = PBXFileReference; lastKnownFileType = sourcecode.swift; path = AlertingViewController.swift; sourceTree = "<group>"; };
		2D4207CE289B17B300F82B1F /* UITextFieldExtension.swift */ = {isa = PBXFileReference; lastKnownFileType = sourcecode.swift; path = UITextFieldExtension.swift; sourceTree = "<group>"; };
		2D4207D0289B181100F82B1F /* AccountRegistrationViewController.swift */ = {isa = PBXFileReference; lastKnownFileType = sourcecode.swift; path = AccountRegistrationViewController.swift; sourceTree = "<group>"; };
		2D4207D4289B41A100F82B1F /* NotificationBanner.swift */ = {isa = PBXFileReference; lastKnownFileType = sourcecode.swift; path = NotificationBanner.swift; sourceTree = "<group>"; };
		2D4207D628A1726100F82B1F /* LoginViewController.swift */ = {isa = PBXFileReference; lastKnownFileType = sourcecode.swift; path = LoginViewController.swift; sourceTree = "<group>"; };
		2D4207D828A172E500F82B1F /* LoginViewModel.swift */ = {isa = PBXFileReference; lastKnownFileType = sourcecode.swift; path = LoginViewModel.swift; sourceTree = "<group>"; };
		2D64F90A28CA4AF00092C479 /* LoginViewControllerTest.swift */ = {isa = PBXFileReference; lastKnownFileType = sourcecode.swift; path = LoginViewControllerTest.swift; sourceTree = "<group>"; };
		2D64F90C28CA4FCC0092C479 /* AccountRegistrationViewControllerTest.swift */ = {isa = PBXFileReference; lastKnownFileType = sourcecode.swift; path = AccountRegistrationViewControllerTest.swift; sourceTree = "<group>"; };
		2D66086728A2D3F800C76819 /* WelcomeViewModelTest.swift */ = {isa = PBXFileReference; lastKnownFileType = sourcecode.swift; path = WelcomeViewModelTest.swift; sourceTree = "<group>"; };
		2D66086928A2DAC200C76819 /* AccountRegistrationViewModelTest.swift */ = {isa = PBXFileReference; lastKnownFileType = sourcecode.swift; path = AccountRegistrationViewModelTest.swift; sourceTree = "<group>"; };
		2D66086B28A2E07700C76819 /* LoginViewModelTest.swift */ = {isa = PBXFileReference; lastKnownFileType = sourcecode.swift; path = LoginViewModelTest.swift; sourceTree = "<group>"; };
		2D66086D28A40C6E00C76819 /* WorkspaceListViewController.swift */ = {isa = PBXFileReference; lastKnownFileType = sourcecode.swift; path = WorkspaceListViewController.swift; sourceTree = "<group>"; };
		2D66086F28A40D1100C76819 /* CollectionsViewController.swift */ = {isa = PBXFileReference; lastKnownFileType = sourcecode.swift; path = CollectionsViewController.swift; sourceTree = "<group>"; };
		2D66087128A40D9800C76819 /* UserProfileViewController.swift */ = {isa = PBXFileReference; lastKnownFileType = sourcecode.swift; path = UserProfileViewController.swift; sourceTree = "<group>"; };
		2D66087328A4107600C76819 /* RootTabBarController.swift */ = {isa = PBXFileReference; lastKnownFileType = sourcecode.swift; path = RootTabBarController.swift; sourceTree = "<group>"; };
		2D66087528A4186B00C76819 /* RootTabBarViewModel.swift */ = {isa = PBXFileReference; lastKnownFileType = sourcecode.swift; path = RootTabBarViewModel.swift; sourceTree = "<group>"; };
		2D66087728A44FD200C76819 /* RoundedUITabBarController.swift */ = {isa = PBXFileReference; lastKnownFileType = sourcecode.swift; path = RoundedUITabBarController.swift; sourceTree = "<group>"; };
		2D66087928A5CCA300C76819 /* WorkspaceListViewModel.swift */ = {isa = PBXFileReference; lastKnownFileType = sourcecode.swift; path = WorkspaceListViewModel.swift; sourceTree = "<group>"; };
		2D66087C28A5F35800C76819 /* WorkspaceListContentConfiguration.swift */ = {isa = PBXFileReference; lastKnownFileType = sourcecode.swift; path = WorkspaceListContentConfiguration.swift; sourceTree = "<group>"; };
		2D66088028A5F3E300C76819 /* WorkspaceListContentView.swift */ = {isa = PBXFileReference; lastKnownFileType = sourcecode.swift; path = WorkspaceListContentView.swift; sourceTree = "<group>"; };
		2D66088228A6AED200C76819 /* Workspace.swift */ = {isa = PBXFileReference; lastKnownFileType = sourcecode.swift; path = Workspace.swift; sourceTree = "<group>"; };
		2D66088428AAAD0400C76819 /* HeaderView.swift */ = {isa = PBXFileReference; lastKnownFileType = sourcecode.swift; path = HeaderView.swift; sourceTree = "<group>"; };
		2D66088628AAB3D700C76819 /* SectionHeaderSupplementaryView.swift */ = {isa = PBXFileReference; lastKnownFileType = sourcecode.swift; path = SectionHeaderSupplementaryView.swift; sourceTree = "<group>"; };
		2D66088828AAB54C00C76819 /* WorkspaceManager.swift */ = {isa = PBXFileReference; lastKnownFileType = sourcecode.swift; path = WorkspaceManager.swift; sourceTree = "<group>"; };
		2D66088A28AB0EB500C76819 /* WorkspaceListCell.swift */ = {isa = PBXFileReference; lastKnownFileType = sourcecode.swift; path = WorkspaceListCell.swift; sourceTree = "<group>"; };
		2D66088E28B42AE200C76819 /* APIKeys.xcconfig */ = {isa = PBXFileReference; lastKnownFileType = text.xcconfig; path = APIKeys.xcconfig; sourceTree = "<group>"; };
		2D66088F28B5B4FB00C76819 /* WorkspaceListContentViewViewModel.swift */ = {isa = PBXFileReference; lastKnownFileType = sourcecode.swift; path = WorkspaceListContentViewViewModel.swift; sourceTree = "<group>"; };
		2D66089128BE9DE400C76819 /* RootTabBarViewModelTest.swift */ = {isa = PBXFileReference; lastKnownFileType = sourcecode.swift; path = RootTabBarViewModelTest.swift; sourceTree = "<group>"; };
		2D738B852A01A37C00BD50BE /* WorkspaceReviewPopOverViewController.swift */ = {isa = PBXFileReference; lastKnownFileType = sourcecode.swift; path = WorkspaceReviewPopOverViewController.swift; sourceTree = "<group>"; };
		2DA5078629E8B8BC008C53D2 /* WorkspaceReview.swift */ = {isa = PBXFileReference; lastKnownFileType = sourcecode.swift; path = WorkspaceReview.swift; sourceTree = "<group>"; };
		2DA5078829EDF626008C53D2 /* WorkspaceDetailReviewContentView.swift */ = {isa = PBXFileReference; lastKnownFileType = sourcecode.swift; path = WorkspaceDetailReviewContentView.swift; sourceTree = "<group>"; };
		2DA5078A29EDF6DF008C53D2 /* WorkspaceDetailReviewContentConfiguration.swift */ = {isa = PBXFileReference; lastKnownFileType = sourcecode.swift; path = WorkspaceDetailReviewContentConfiguration.swift; sourceTree = "<group>"; };
		2DA5078C29EE0EF1008C53D2 /* WorkspaceDetailReviewCell.swift */ = {isa = PBXFileReference; lastKnownFileType = sourcecode.swift; path = WorkspaceDetailReviewCell.swift; sourceTree = "<group>"; };
		2DA5078E29F0546E008C53D2 /* CircularImageView.swift */ = {isa = PBXFileReference; lastKnownFileType = sourcecode.swift; path = CircularImageView.swift; sourceTree = "<group>"; };
		2DA5079029F06722008C53D2 /* WorkspaceDetailReviewContentViewViewModel.swift */ = {isa = PBXFileReference; lastKnownFileType = sourcecode.swift; path = WorkspaceDetailReviewContentViewViewModel.swift; sourceTree = "<group>"; };
		2DABF5B428DBB4C0007D660E /* MapViewController.swift */ = {isa = PBXFileReference; lastKnownFileType = sourcecode.swift; path = MapViewController.swift; sourceTree = "<group>"; };
		2DABF5B628DBF573007D660E /* MapViewModel.swift */ = {isa = PBXFileReference; lastKnownFileType = sourcecode.swift; path = MapViewModel.swift; sourceTree = "<group>"; };
		2DC2CFC428F600B500FB7ACE /* Coordinator.swift */ = {isa = PBXFileReference; lastKnownFileType = sourcecode.swift; path = Coordinator.swift; sourceTree = "<group>"; };
		2DC2CFC628F63C9700FB7ACE /* AppCoordinator.swift */ = {isa = PBXFileReference; lastKnownFileType = sourcecode.swift; path = AppCoordinator.swift; sourceTree = "<group>"; };
		2DC2CFC828F752A200FB7ACE /* WorkspaceCoordinator.swift */ = {isa = PBXFileReference; lastKnownFileType = sourcecode.swift; path = WorkspaceCoordinator.swift; sourceTree = "<group>"; };
		2DC8109F2983194800666610 /* WorkspaceDetailImageContentView.swift */ = {isa = PBXFileReference; lastKnownFileType = sourcecode.swift; path = WorkspaceDetailImageContentView.swift; sourceTree = "<group>"; };
		2DC810A12983206600666610 /* WorkspaceDetailViewController.swift */ = {isa = PBXFileReference; lastKnownFileType = sourcecode.swift; path = WorkspaceDetailViewController.swift; sourceTree = "<group>"; };
		2DC810A32983320500666610 /* WorkspaceDetailImageContentConfiguration.swift */ = {isa = PBXFileReference; lastKnownFileType = sourcecode.swift; path = WorkspaceDetailImageContentConfiguration.swift; sourceTree = "<group>"; };
		2DC810A5298334D200666610 /* WorkspaceDetailImageCell.swift */ = {isa = PBXFileReference; lastKnownFileType = sourcecode.swift; path = WorkspaceDetailImageCell.swift; sourceTree = "<group>"; };
		2DC810A729844C3B00666610 /* WorkspaceDetailImageContentViewViewModel.swift */ = {isa = PBXFileReference; lastKnownFileType = sourcecode.swift; path = WorkspaceDetailImageContentViewViewModel.swift; sourceTree = "<group>"; };
		2DC810A92984511C00666610 /* WorkspaceDetailViewModel.swift */ = {isa = PBXFileReference; lastKnownFileType = sourcecode.swift; path = WorkspaceDetailViewModel.swift; sourceTree = "<group>"; };
		2DC810AB2989875600666610 /* WorkspaceDetailContentView.swift */ = {isa = PBXFileReference; lastKnownFileType = sourcecode.swift; path = WorkspaceDetailContentView.swift; sourceTree = "<group>"; };
		2DC810AD29898C6100666610 /* WorkspaceDetailContentConfiguration.swift */ = {isa = PBXFileReference; lastKnownFileType = sourcecode.swift; path = WorkspaceDetailContentConfiguration.swift; sourceTree = "<group>"; };
		2DC810AF298990F800666610 /* WorkspaceDetailCell.swift */ = {isa = PBXFileReference; lastKnownFileType = sourcecode.swift; path = WorkspaceDetailCell.swift; sourceTree = "<group>"; };
		2DC810B1298991D800666610 /* WorkspaceDetailContentViewViewModel.swift */ = {isa = PBXFileReference; lastKnownFileType = sourcecode.swift; path = WorkspaceDetailContentViewViewModel.swift; sourceTree = "<group>"; };
		2DC810B72992F8B200666610 /* DateFormatHelper.swift */ = {isa = PBXFileReference; lastKnownFileType = sourcecode.swift; path = DateFormatHelper.swift; sourceTree = "<group>"; };
		2DC9246629280AF8000DF340 /* MapAnnotation.swift */ = {isa = PBXFileReference; lastKnownFileType = sourcecode.swift; path = MapAnnotation.swift; sourceTree = "<group>"; };
		2DC9246A2936892D000DF340 /* LocationHelper.swift */ = {isa = PBXFileReference; lastKnownFileType = sourcecode.swift; path = LocationHelper.swift; sourceTree = "<group>"; };
		2DC9246C294A5971000DF340 /* WorkplaceAnnotationView.swift */ = {isa = PBXFileReference; lastKnownFileType = sourcecode.swift; path = WorkplaceAnnotationView.swift; sourceTree = "<group>"; };
		5E015C0E29A8C9BA62B4D163 /* Pods-CoWorkMobileApp.debug.xcconfig */ = {isa = PBXFileReference; includeInIndex = 1; lastKnownFileType = text.xcconfig; name = "Pods-CoWorkMobileApp.debug.xcconfig"; path = "Target Support Files/Pods-CoWorkMobileApp/Pods-CoWorkMobileApp.debug.xcconfig"; sourceTree = "<group>"; };
		9194BC6F3CB0C980E19AF3A6 /* Pods-CoWorkMobileApp.release.xcconfig */ = {isa = PBXFileReference; includeInIndex = 1; lastKnownFileType = text.xcconfig; name = "Pods-CoWorkMobileApp.release.xcconfig"; path = "Target Support Files/Pods-CoWorkMobileApp/Pods-CoWorkMobileApp.release.xcconfig"; sourceTree = "<group>"; };
		99FC261BDDB8B443371ED0A6 /* Pods-CoWorkMobileAppTests.release.xcconfig */ = {isa = PBXFileReference; includeInIndex = 1; lastKnownFileType = text.xcconfig; name = "Pods-CoWorkMobileAppTests.release.xcconfig"; path = "Target Support Files/Pods-CoWorkMobileAppTests/Pods-CoWorkMobileAppTests.release.xcconfig"; sourceTree = "<group>"; };
		C06DBC7CF90618B7F92530AF /* Pods-CoWorkMobileApp-CoWorkMobileAppUITests.debug.xcconfig */ = {isa = PBXFileReference; includeInIndex = 1; lastKnownFileType = text.xcconfig; name = "Pods-CoWorkMobileApp-CoWorkMobileAppUITests.debug.xcconfig"; path = "Target Support Files/Pods-CoWorkMobileApp-CoWorkMobileAppUITests/Pods-CoWorkMobileApp-CoWorkMobileAppUITests.debug.xcconfig"; sourceTree = "<group>"; };
		C85649404DA359FDBEDDE770 /* Pods-CoWorkMobileApp-CoWorkMobileAppUITests.release.xcconfig */ = {isa = PBXFileReference; includeInIndex = 1; lastKnownFileType = text.xcconfig; name = "Pods-CoWorkMobileApp-CoWorkMobileAppUITests.release.xcconfig"; path = "Target Support Files/Pods-CoWorkMobileApp-CoWorkMobileAppUITests/Pods-CoWorkMobileApp-CoWorkMobileAppUITests.release.xcconfig"; sourceTree = "<group>"; };
		ECF760D4C7A8105EB31F77B8 /* Pods-CoWorkMobileAppTests.debug.xcconfig */ = {isa = PBXFileReference; includeInIndex = 1; lastKnownFileType = text.xcconfig; name = "Pods-CoWorkMobileAppTests.debug.xcconfig"; path = "Target Support Files/Pods-CoWorkMobileAppTests/Pods-CoWorkMobileAppTests.debug.xcconfig"; sourceTree = "<group>"; };
		F4268F4EAB3012BD8E5D97A7 /* Pods_CoWorkMobileAppTests.framework */ = {isa = PBXFileReference; explicitFileType = wrapper.framework; includeInIndex = 0; path = Pods_CoWorkMobileAppTests.framework; sourceTree = BUILT_PRODUCTS_DIR; };
/* End PBXFileReference section */

/* Begin PBXFrameworksBuildPhase section */
		2D0E539F289ACF0700D77978 /* Frameworks */ = {
			isa = PBXFrameworksBuildPhase;
			buildActionMask = 2147483647;
			files = (
				E2EFAE3E9F60A62382FE224C /* Pods_CoWorkMobileApp.framework in Frameworks */,
			);
			runOnlyForDeploymentPostprocessing = 0;
		};
		2D0E53B5289ACF0800D77978 /* Frameworks */ = {
			isa = PBXFrameworksBuildPhase;
			buildActionMask = 2147483647;
			files = (
				3627C0148EAB6A5014206B80 /* Pods_CoWorkMobileAppTests.framework in Frameworks */,
			);
			runOnlyForDeploymentPostprocessing = 0;
		};
		2D0E53BF289ACF0800D77978 /* Frameworks */ = {
			isa = PBXFrameworksBuildPhase;
			buildActionMask = 2147483647;
			files = (
				2C1C3778B21090FBFC193DEA /* Pods_CoWorkMobileApp_CoWorkMobileAppUITests.framework in Frameworks */,
			);
			runOnlyForDeploymentPostprocessing = 0;
		};
/* End PBXFrameworksBuildPhase section */

/* Begin PBXGroup section */
		27B153222B4DF007001CA0A8 /* Fonts */ = {
			isa = PBXGroup;
			children = (
				27B153232B4DF0BF001CA0A8 /* Roboto-Bold.ttf */,
				27B153272B4DF0BF001CA0A8 /* Roboto-Light.ttf */,
				27B153262B4DF0BF001CA0A8 /* Roboto-Medium.ttf */,
				27B153242B4DF0BF001CA0A8 /* Roboto-Regular.ttf */,
				27B153252B4DF0BF001CA0A8 /* Roboto-Thin.ttf */,
			);
			path = Fonts;
			sourceTree = "<group>";
		};
		2D0E5399289ACF0600D77978 = {
			isa = PBXGroup;
			children = (
				2D66088E28B42AE200C76819 /* APIKeys.xcconfig */,
				2D0E53A4289ACF0700D77978 /* CoWorkMobileApp */,
				2D0E53BB289ACF0800D77978 /* CoWorkMobileAppTests */,
				2D0E53C5289ACF0800D77978 /* CoWorkMobileAppUITests */,
				2D0E53A3289ACF0700D77978 /* Products */,
				DA727AE6E4BEE3F4E4D63831 /* Pods */,
				B6FBF9E63DF70E6ADFEE6947 /* Frameworks */,
			);
			sourceTree = "<group>";
		};
		2D0E53A3289ACF0700D77978 /* Products */ = {
			isa = PBXGroup;
			children = (
				2D0E53A2289ACF0700D77978 /* CoWorkMobileApp.app */,
				2D0E53B8289ACF0800D77978 /* CoWorkMobileAppTests.xctest */,
				2D0E53C2289ACF0800D77978 /* CoWorkMobileAppUITests.xctest */,
			);
			name = Products;
			sourceTree = "<group>";
		};
		2D0E53A4289ACF0700D77978 /* CoWorkMobileApp */ = {
			isa = PBXGroup;
			children = (
				278B0E932B7E7DEC00BAFFEB /* CoWorkMobileApp.entitlements */,
				2DC2CFC128F5CFEE00FB7ACE /* Protocols */,
				2DC2CFBE28F5C93100FB7ACE /* Enumerations */,
				2D4207C7289B166E00F82B1F /* Managers */,
				2D4207B1289AF2E600F82B1F /* Shared */,
				2D0E53D5289ADA7A00D77978 /* Models */,
				2D959E8A28E5C54300027BA5 /* Coordinators */,
				2D66087B28A5F31400C76819 /* ContentConfigurations */,
				2D66087E28A5F3A200C76819 /* Views */,
				2D0E53D7289ADA9600D77978 /* ViewModels */,
				2D0E53D6289ADA8600D77978 /* Controllers */,
				2D0E53A5289ACF0700D77978 /* AppDelegate.swift */,
				2D0E53A7289ACF0700D77978 /* SceneDelegate.swift */,
				2D0E53AE289ACF0800D77978 /* Assets.xcassets */,
				2D0E53B0289ACF0800D77978 /* LaunchScreen.storyboard */,
				2D0E53B3289ACF0800D77978 /* Info.plist */,
			);
			path = CoWorkMobileApp;
			sourceTree = "<group>";
		};
		2D0E53BB289ACF0800D77978 /* CoWorkMobileAppTests */ = {
			isa = PBXGroup;
			children = (
				2D64F90E28CA59A90092C479 /* Test Classes */,
				2D66086628A2D3C500C76819 /* ViewModels */,
				2D64F90928CA41480092C479 /* Controllers */,
				2D0E53BC289ACF0800D77978 /* CoWorkMobileAppTests.swift */,
			);
			path = CoWorkMobileAppTests;
			sourceTree = "<group>";
		};
		2D0E53C5289ACF0800D77978 /* CoWorkMobileAppUITests */ = {
			isa = PBXGroup;
			children = (
				2D0E53C6289ACF0800D77978 /* CoWorkMobileAppUITests.swift */,
				2D0E53C8289ACF0800D77978 /* CoWorkMobileAppUITestsLaunchTests.swift */,
			);
			path = CoWorkMobileAppUITests;
			sourceTree = "<group>";
		};
		2D0E53D5289ADA7A00D77978 /* Models */ = {
			isa = PBXGroup;
			children = (
				2D4207AF289AEED400F82B1F /* User.swift */,
				2D66088228A6AED200C76819 /* Workspace.swift */,
				2DC9246629280AF8000DF340 /* MapAnnotation.swift */,
				2DA5078629E8B8BC008C53D2 /* WorkspaceReview.swift */,
			);
			path = Models;
			sourceTree = "<group>";
		};
		2D0E53D6289ADA8600D77978 /* Controllers */ = {
			isa = PBXGroup;
			children = (
				2D0E53A9289ACF0700D77978 /* WelcomeViewController.swift */,
				2D4207D0289B181100F82B1F /* AccountRegistrationViewController.swift */,
				2D4207D628A1726100F82B1F /* LoginViewController.swift */,
				2D66086D28A40C6E00C76819 /* WorkspaceListViewController.swift */,
				2D66086F28A40D1100C76819 /* CollectionsViewController.swift */,
				2D66087128A40D9800C76819 /* UserProfileViewController.swift */,
				2D66087328A4107600C76819 /* RootTabBarController.swift */,
				2DABF5B428DBB4C0007D660E /* MapViewController.swift */,
				2DC810A12983206600666610 /* WorkspaceDetailViewController.swift */,
				2D738B852A01A37C00BD50BE /* WorkspaceReviewPopOverViewController.swift */,
			);
			path = Controllers;
			sourceTree = "<group>";
		};
		2D0E53D7289ADA9600D77978 /* ViewModels */ = {
			isa = PBXGroup;
			children = (
				2D4207C1289B05E800F82B1F /* WelcomeViewModel.swift */,
				2D4207D828A172E500F82B1F /* LoginViewModel.swift */,
				2D4207C3289B146700F82B1F /* AccountRegistrationViewModel.swift */,
				2D66087528A4186B00C76819 /* RootTabBarViewModel.swift */,
				2DABF5B628DBF573007D660E /* MapViewModel.swift */,
				2D66087928A5CCA300C76819 /* WorkspaceListViewModel.swift */,
				2D66088F28B5B4FB00C76819 /* WorkspaceListContentViewViewModel.swift */,
				2DC810A729844C3B00666610 /* WorkspaceDetailImageContentViewViewModel.swift */,
				2DC810A92984511C00666610 /* WorkspaceDetailViewModel.swift */,
				2DC810B1298991D800666610 /* WorkspaceDetailContentViewViewModel.swift */,
				2DA5079029F06722008C53D2 /* WorkspaceDetailReviewContentViewViewModel.swift */,
				278B0E8B2B69B52400BAFFEB /* UserProfileContentViewViewModel.swift */,
				278B0E8F2B7BD39300BAFFEB /* UserProfileViewModel.swift */,
			);
			path = ViewModels;
			sourceTree = "<group>";
		};
		2D4207B1289AF2E600F82B1F /* Shared */ = {
			isa = PBXGroup;
			children = (
				27B153222B4DF007001CA0A8 /* Fonts */,
				2D4207BF289AFEF100F82B1F /* Theme.swift */,
				2D4207C5289B14C400F82B1F /* CustomUIButton.swift */,
				2D4207CC289B178C00F82B1F /* AlertingViewController.swift */,
				2D4207CE289B17B300F82B1F /* UITextFieldExtension.swift */,
				2D4207D4289B41A100F82B1F /* NotificationBanner.swift */,
				2D66087728A44FD200C76819 /* RoundedUITabBarController.swift */,
				2DC9246A2936892D000DF340 /* LocationHelper.swift */,
				2DC810B72992F8B200666610 /* DateFormatHelper.swift */,
				2DA5078E29F0546E008C53D2 /* CircularImageView.swift */,
			);
			path = Shared;
			sourceTree = "<group>";
		};
		2D4207C7289B166E00F82B1F /* Managers */ = {
			isa = PBXGroup;
			children = (
				2D4207C8289B168100F82B1F /* AuthManager.swift */,
				2D4207CA289B16EC00F82B1F /* UserManager.swift */,
				2D66088828AAB54C00C76819 /* WorkspaceManager.swift */,
			);
			path = Managers;
			sourceTree = "<group>";
		};
		2D64F90928CA41480092C479 /* Controllers */ = {
			isa = PBXGroup;
			children = (
				2D64F90A28CA4AF00092C479 /* LoginViewControllerTest.swift */,
				2D64F90C28CA4FCC0092C479 /* AccountRegistrationViewControllerTest.swift */,
			);
			path = Controllers;
			sourceTree = "<group>";
		};
		2D64F90E28CA59A90092C479 /* Test Classes */ = {
			isa = PBXGroup;
			children = (
			);
			path = "Test Classes";
			sourceTree = "<group>";
		};
		2D66086628A2D3C500C76819 /* ViewModels */ = {
			isa = PBXGroup;
			children = (
				2D66086728A2D3F800C76819 /* WelcomeViewModelTest.swift */,
				2D66086928A2DAC200C76819 /* AccountRegistrationViewModelTest.swift */,
				2D66086B28A2E07700C76819 /* LoginViewModelTest.swift */,
				2D66089128BE9DE400C76819 /* RootTabBarViewModelTest.swift */,
			);
			path = ViewModels;
			sourceTree = "<group>";
		};
		2D66087B28A5F31400C76819 /* ContentConfigurations */ = {
			isa = PBXGroup;
			children = (
				2D66087C28A5F35800C76819 /* WorkspaceListContentConfiguration.swift */,
				2DC810A32983320500666610 /* WorkspaceDetailImageContentConfiguration.swift */,
				2DC810AD29898C6100666610 /* WorkspaceDetailContentConfiguration.swift */,
				2DA5078A29EDF6DF008C53D2 /* WorkspaceDetailReviewContentConfiguration.swift */,
				278B0E852B698FEF00BAFFEB /* UserProfileContentConfiguration.swift */,
			);
			path = ContentConfigurations;
			sourceTree = "<group>";
		};
		2D66087E28A5F3A200C76819 /* Views */ = {
			isa = PBXGroup;
			children = (
				2D66087F28A5F3C200C76819 /* Cells */,
				2D66088428AAAD0400C76819 /* HeaderView.swift */,
				2D66088628AAB3D700C76819 /* SectionHeaderSupplementaryView.swift */,
				2DC9246C294A5971000DF340 /* WorkplaceAnnotationView.swift */,
				2D66088028A5F3E300C76819 /* WorkspaceListContentView.swift */,
				2DC8109F2983194800666610 /* WorkspaceDetailImageContentView.swift */,
				2DC810AB2989875600666610 /* WorkspaceDetailContentView.swift */,
				2DA5078829EDF626008C53D2 /* WorkspaceDetailReviewContentView.swift */,
				27B153312B4E29DF001CA0A8 /* MapViewHeader.swift */,
				278B0E872B6990DE00BAFFEB /* UserProfileContentView.swift */,
			);
			path = Views;
			sourceTree = "<group>";
		};
		2D66087F28A5F3C200C76819 /* Cells */ = {
			isa = PBXGroup;
			children = (
				2D66088A28AB0EB500C76819 /* WorkspaceListCell.swift */,
				2DC810A5298334D200666610 /* WorkspaceDetailImageCell.swift */,
				2DC810AF298990F800666610 /* WorkspaceDetailCell.swift */,
				2DA5078C29EE0EF1008C53D2 /* WorkspaceDetailReviewCell.swift */,
				278B0E892B69ADA100BAFFEB /* UserProfileCell.swift */,
			);
			path = Cells;
			sourceTree = "<group>";
		};
		2D959E8A28E5C54300027BA5 /* Coordinators */ = {
			isa = PBXGroup;
			children = (
				2DC2CFC628F63C9700FB7ACE /* AppCoordinator.swift */,
				2DC2CFC828F752A200FB7ACE /* WorkspaceCoordinator.swift */,
				27B1532D2B4E08BF001CA0A8 /* AuthCoordinator.swift */,
				27B1532F2B4E08E9001CA0A8 /* OnboardingCoordinator.swift */,
				278B0E8D2B7BD2AC00BAFFEB /* UserProfileCoordinator.swift */,
				278B0E912B7C136100BAFFEB /* RootTabBarCoordinator.swift */,
			);
			path = Coordinators;
			sourceTree = "<group>";
		};
		2DC2CFBE28F5C93100FB7ACE /* Enumerations */ = {
			isa = PBXGroup;
			children = (
			);
			path = Enumerations;
			sourceTree = "<group>";
		};
		2DC2CFC128F5CFEE00FB7ACE /* Protocols */ = {
			isa = PBXGroup;
			children = (
				2DC2CFC428F600B500FB7ACE /* Coordinator.swift */,
			);
			path = Protocols;
			sourceTree = "<group>";
		};
		B6FBF9E63DF70E6ADFEE6947 /* Frameworks */ = {
			isa = PBXGroup;
			children = (
				12223D324A989B5DBA0B125D /* Pods_CoWorkMobileApp.framework */,
				0111B5FE5E9F75E66C43F388 /* Pods_CoWorkMobileApp_CoWorkMobileAppUITests.framework */,
				F4268F4EAB3012BD8E5D97A7 /* Pods_CoWorkMobileAppTests.framework */,
			);
			name = Frameworks;
			sourceTree = "<group>";
		};
		DA727AE6E4BEE3F4E4D63831 /* Pods */ = {
			isa = PBXGroup;
			children = (
				5E015C0E29A8C9BA62B4D163 /* Pods-CoWorkMobileApp.debug.xcconfig */,
				9194BC6F3CB0C980E19AF3A6 /* Pods-CoWorkMobileApp.release.xcconfig */,
				C06DBC7CF90618B7F92530AF /* Pods-CoWorkMobileApp-CoWorkMobileAppUITests.debug.xcconfig */,
				C85649404DA359FDBEDDE770 /* Pods-CoWorkMobileApp-CoWorkMobileAppUITests.release.xcconfig */,
				ECF760D4C7A8105EB31F77B8 /* Pods-CoWorkMobileAppTests.debug.xcconfig */,
				99FC261BDDB8B443371ED0A6 /* Pods-CoWorkMobileAppTests.release.xcconfig */,
			);
			path = Pods;
			sourceTree = "<group>";
		};
/* End PBXGroup section */

/* Begin PBXNativeTarget section */
		2D0E53A1289ACF0700D77978 /* CoWorkMobileApp */ = {
			isa = PBXNativeTarget;
			buildConfigurationList = 2D0E53CC289ACF0800D77978 /* Build configuration list for PBXNativeTarget "CoWorkMobileApp" */;
			buildPhases = (
				8B13CC46D83DBF7B38168F98 /* [CP] Check Pods Manifest.lock */,
				2D0E539E289ACF0700D77978 /* Sources */,
				2D0E539F289ACF0700D77978 /* Frameworks */,
				2D0E53A0289ACF0700D77978 /* Resources */,
				BFB5F694193C92E20FA68502 /* [CP] Embed Pods Frameworks */,
			);
			buildRules = (
			);
			dependencies = (
			);
			name = CoWorkMobileApp;
			productName = CoWorkMobileApp;
			productReference = 2D0E53A2289ACF0700D77978 /* CoWorkMobileApp.app */;
			productType = "com.apple.product-type.application";
		};
		2D0E53B7289ACF0800D77978 /* CoWorkMobileAppTests */ = {
			isa = PBXNativeTarget;
			buildConfigurationList = 2D0E53CF289ACF0800D77978 /* Build configuration list for PBXNativeTarget "CoWorkMobileAppTests" */;
			buildPhases = (
				4A5FF888E7492DD4C71A70AB /* [CP] Check Pods Manifest.lock */,
				2D0E53B4289ACF0800D77978 /* Sources */,
				2D0E53B5289ACF0800D77978 /* Frameworks */,
				2D0E53B6289ACF0800D77978 /* Resources */,
			);
			buildRules = (
			);
			dependencies = (
				2D0E53BA289ACF0800D77978 /* PBXTargetDependency */,
			);
			name = CoWorkMobileAppTests;
			productName = CoWorkMobileAppTests;
			productReference = 2D0E53B8289ACF0800D77978 /* CoWorkMobileAppTests.xctest */;
			productType = "com.apple.product-type.bundle.unit-test";
		};
		2D0E53C1289ACF0800D77978 /* CoWorkMobileAppUITests */ = {
			isa = PBXNativeTarget;
			buildConfigurationList = 2D0E53D2289ACF0800D77978 /* Build configuration list for PBXNativeTarget "CoWorkMobileAppUITests" */;
			buildPhases = (
				7AA74E1AE6897604A92DCC76 /* [CP] Check Pods Manifest.lock */,
				2D0E53BE289ACF0800D77978 /* Sources */,
				2D0E53BF289ACF0800D77978 /* Frameworks */,
				2D0E53C0289ACF0800D77978 /* Resources */,
				2BCAB2104A9C845518357937 /* [CP] Embed Pods Frameworks */,
			);
			buildRules = (
			);
			dependencies = (
				2D0E53C4289ACF0800D77978 /* PBXTargetDependency */,
			);
			name = CoWorkMobileAppUITests;
			productName = CoWorkMobileAppUITests;
			productReference = 2D0E53C2289ACF0800D77978 /* CoWorkMobileAppUITests.xctest */;
			productType = "com.apple.product-type.bundle.ui-testing";
		};
/* End PBXNativeTarget section */

/* Begin PBXProject section */
		2D0E539A289ACF0600D77978 /* Project object */ = {
			isa = PBXProject;
			attributes = {
				BuildIndependentTargetsInParallel = 1;
				LastSwiftUpdateCheck = 1320;
				LastUpgradeCheck = 1320;
				TargetAttributes = {
					2D0E53A1289ACF0700D77978 = {
						CreatedOnToolsVersion = 13.2.1;
					};
					2D0E53B7289ACF0800D77978 = {
						CreatedOnToolsVersion = 13.2.1;
						TestTargetID = 2D0E53A1289ACF0700D77978;
					};
					2D0E53C1289ACF0800D77978 = {
						CreatedOnToolsVersion = 13.2.1;
						TestTargetID = 2D0E53A1289ACF0700D77978;
					};
				};
			};
			buildConfigurationList = 2D0E539D289ACF0600D77978 /* Build configuration list for PBXProject "CoWorkMobileApp" */;
			compatibilityVersion = "Xcode 13.0";
			developmentRegion = en;
			hasScannedForEncodings = 0;
			knownRegions = (
				en,
				Base,
			);
			mainGroup = 2D0E5399289ACF0600D77978;
			productRefGroup = 2D0E53A3289ACF0700D77978 /* Products */;
			projectDirPath = "";
			projectRoot = "";
			targets = (
				2D0E53A1289ACF0700D77978 /* CoWorkMobileApp */,
				2D0E53B7289ACF0800D77978 /* CoWorkMobileAppTests */,
				2D0E53C1289ACF0800D77978 /* CoWorkMobileAppUITests */,
			);
		};
/* End PBXProject section */

/* Begin PBXResourcesBuildPhase section */
		2D0E53A0289ACF0700D77978 /* Resources */ = {
			isa = PBXResourcesBuildPhase;
			buildActionMask = 2147483647;
			files = (
				2D0E53B2289ACF0800D77978 /* LaunchScreen.storyboard in Resources */,
				2D0E53AF289ACF0800D77978 /* Assets.xcassets in Resources */,
				27B1532B2B4DF0BF001CA0A8 /* Roboto-Medium.ttf in Resources */,
				27B153292B4DF0BF001CA0A8 /* Roboto-Regular.ttf in Resources */,
				27B1532C2B4DF0BF001CA0A8 /* Roboto-Light.ttf in Resources */,
				27B1532A2B4DF0BF001CA0A8 /* Roboto-Thin.ttf in Resources */,
				27B153282B4DF0BF001CA0A8 /* Roboto-Bold.ttf in Resources */,
			);
			runOnlyForDeploymentPostprocessing = 0;
		};
		2D0E53B6289ACF0800D77978 /* Resources */ = {
			isa = PBXResourcesBuildPhase;
			buildActionMask = 2147483647;
			files = (
			);
			runOnlyForDeploymentPostprocessing = 0;
		};
		2D0E53C0289ACF0800D77978 /* Resources */ = {
			isa = PBXResourcesBuildPhase;
			buildActionMask = 2147483647;
			files = (
			);
			runOnlyForDeploymentPostprocessing = 0;
		};
/* End PBXResourcesBuildPhase section */

/* Begin PBXShellScriptBuildPhase section */
		2BCAB2104A9C845518357937 /* [CP] Embed Pods Frameworks */ = {
			isa = PBXShellScriptBuildPhase;
			buildActionMask = 2147483647;
			files = (
			);
			inputFileListPaths = (
				"${PODS_ROOT}/Target Support Files/Pods-CoWorkMobileApp-CoWorkMobileAppUITests/Pods-CoWorkMobileApp-CoWorkMobileAppUITests-frameworks-${CONFIGURATION}-input-files.xcfilelist",
			);
			name = "[CP] Embed Pods Frameworks";
			outputFileListPaths = (
				"${PODS_ROOT}/Target Support Files/Pods-CoWorkMobileApp-CoWorkMobileAppUITests/Pods-CoWorkMobileApp-CoWorkMobileAppUITests-frameworks-${CONFIGURATION}-output-files.xcfilelist",
			);
			runOnlyForDeploymentPostprocessing = 0;
			shellPath = /bin/sh;
			shellScript = "\"${PODS_ROOT}/Target Support Files/Pods-CoWorkMobileApp-CoWorkMobileAppUITests/Pods-CoWorkMobileApp-CoWorkMobileAppUITests-frameworks.sh\"\n";
			showEnvVarsInLog = 0;
		};
		4A5FF888E7492DD4C71A70AB /* [CP] Check Pods Manifest.lock */ = {
			isa = PBXShellScriptBuildPhase;
			buildActionMask = 2147483647;
			files = (
			);
			inputFileListPaths = (
			);
			inputPaths = (
				"${PODS_PODFILE_DIR_PATH}/Podfile.lock",
				"${PODS_ROOT}/Manifest.lock",
			);
			name = "[CP] Check Pods Manifest.lock";
			outputFileListPaths = (
			);
			outputPaths = (
				"$(DERIVED_FILE_DIR)/Pods-CoWorkMobileAppTests-checkManifestLockResult.txt",
			);
			runOnlyForDeploymentPostprocessing = 0;
			shellPath = /bin/sh;
			shellScript = "diff \"${PODS_PODFILE_DIR_PATH}/Podfile.lock\" \"${PODS_ROOT}/Manifest.lock\" > /dev/null\nif [ $? != 0 ] ; then\n    # print error to STDERR\n    echo \"error: The sandbox is not in sync with the Podfile.lock. Run 'pod install' or update your CocoaPods installation.\" >&2\n    exit 1\nfi\n# This output is used by Xcode 'outputs' to avoid re-running this script phase.\necho \"SUCCESS\" > \"${SCRIPT_OUTPUT_FILE_0}\"\n";
			showEnvVarsInLog = 0;
		};
		7AA74E1AE6897604A92DCC76 /* [CP] Check Pods Manifest.lock */ = {
			isa = PBXShellScriptBuildPhase;
			buildActionMask = 2147483647;
			files = (
			);
			inputFileListPaths = (
			);
			inputPaths = (
				"${PODS_PODFILE_DIR_PATH}/Podfile.lock",
				"${PODS_ROOT}/Manifest.lock",
			);
			name = "[CP] Check Pods Manifest.lock";
			outputFileListPaths = (
			);
			outputPaths = (
				"$(DERIVED_FILE_DIR)/Pods-CoWorkMobileApp-CoWorkMobileAppUITests-checkManifestLockResult.txt",
			);
			runOnlyForDeploymentPostprocessing = 0;
			shellPath = /bin/sh;
			shellScript = "diff \"${PODS_PODFILE_DIR_PATH}/Podfile.lock\" \"${PODS_ROOT}/Manifest.lock\" > /dev/null\nif [ $? != 0 ] ; then\n    # print error to STDERR\n    echo \"error: The sandbox is not in sync with the Podfile.lock. Run 'pod install' or update your CocoaPods installation.\" >&2\n    exit 1\nfi\n# This output is used by Xcode 'outputs' to avoid re-running this script phase.\necho \"SUCCESS\" > \"${SCRIPT_OUTPUT_FILE_0}\"\n";
			showEnvVarsInLog = 0;
		};
		8B13CC46D83DBF7B38168F98 /* [CP] Check Pods Manifest.lock */ = {
			isa = PBXShellScriptBuildPhase;
			buildActionMask = 2147483647;
			files = (
			);
			inputFileListPaths = (
			);
			inputPaths = (
				"${PODS_PODFILE_DIR_PATH}/Podfile.lock",
				"${PODS_ROOT}/Manifest.lock",
			);
			name = "[CP] Check Pods Manifest.lock";
			outputFileListPaths = (
			);
			outputPaths = (
				"$(DERIVED_FILE_DIR)/Pods-CoWorkMobileApp-checkManifestLockResult.txt",
			);
			runOnlyForDeploymentPostprocessing = 0;
			shellPath = /bin/sh;
			shellScript = "diff \"${PODS_PODFILE_DIR_PATH}/Podfile.lock\" \"${PODS_ROOT}/Manifest.lock\" > /dev/null\nif [ $? != 0 ] ; then\n    # print error to STDERR\n    echo \"error: The sandbox is not in sync with the Podfile.lock. Run 'pod install' or update your CocoaPods installation.\" >&2\n    exit 1\nfi\n# This output is used by Xcode 'outputs' to avoid re-running this script phase.\necho \"SUCCESS\" > \"${SCRIPT_OUTPUT_FILE_0}\"\n";
			showEnvVarsInLog = 0;
		};
		BFB5F694193C92E20FA68502 /* [CP] Embed Pods Frameworks */ = {
			isa = PBXShellScriptBuildPhase;
			buildActionMask = 2147483647;
			files = (
			);
			inputFileListPaths = (
				"${PODS_ROOT}/Target Support Files/Pods-CoWorkMobileApp/Pods-CoWorkMobileApp-frameworks-${CONFIGURATION}-input-files.xcfilelist",
			);
			name = "[CP] Embed Pods Frameworks";
			outputFileListPaths = (
				"${PODS_ROOT}/Target Support Files/Pods-CoWorkMobileApp/Pods-CoWorkMobileApp-frameworks-${CONFIGURATION}-output-files.xcfilelist",
			);
			runOnlyForDeploymentPostprocessing = 0;
			shellPath = /bin/sh;
			shellScript = "\"${PODS_ROOT}/Target Support Files/Pods-CoWorkMobileApp/Pods-CoWorkMobileApp-frameworks.sh\"\n";
			showEnvVarsInLog = 0;
		};
/* End PBXShellScriptBuildPhase section */

/* Begin PBXSourcesBuildPhase section */
		2D0E539E289ACF0700D77978 /* Sources */ = {
			isa = PBXSourcesBuildPhase;
			buildActionMask = 2147483647;
			files = (
				2DA5079129F06722008C53D2 /* WorkspaceDetailReviewContentViewViewModel.swift in Sources */,
				27B153302B4E08E9001CA0A8 /* OnboardingCoordinator.swift in Sources */,
				2DC9246B2936892D000DF340 /* LocationHelper.swift in Sources */,
				2D4207B0289AEED400F82B1F /* User.swift in Sources */,
				2DC9246D294A5971000DF340 /* WorkplaceAnnotationView.swift in Sources */,
				278B0E902B7BD39300BAFFEB /* UserProfileViewModel.swift in Sources */,
				2DC810A42983320500666610 /* WorkspaceDetailImageContentConfiguration.swift in Sources */,
				2DC2CFC728F63C9700FB7ACE /* AppCoordinator.swift in Sources */,
				278B0E8E2B7BD2AC00BAFFEB /* UserProfileCoordinator.swift in Sources */,
				2DA5078729E8B8BC008C53D2 /* WorkspaceReview.swift in Sources */,
				2DC810AA2984511C00666610 /* WorkspaceDetailViewModel.swift in Sources */,
				2DA5078B29EDF6DF008C53D2 /* WorkspaceDetailReviewContentConfiguration.swift in Sources */,
				2DC810B0298990F800666610 /* WorkspaceDetailCell.swift in Sources */,
				2D66087428A4107600C76819 /* RootTabBarController.swift in Sources */,
				278B0E922B7C136100BAFFEB /* RootTabBarCoordinator.swift in Sources */,
				2DA5078D29EE0EF1008C53D2 /* WorkspaceDetailReviewCell.swift in Sources */,
				2D4207D1289B181200F82B1F /* AccountRegistrationViewController.swift in Sources */,
				2D66087228A40D9800C76819 /* UserProfileViewController.swift in Sources */,
				2D4207CF289B17B300F82B1F /* UITextFieldExtension.swift in Sources */,
				278B0E8A2B69ADA100BAFFEB /* UserProfileCell.swift in Sources */,
				2D66088128A5F3E300C76819 /* WorkspaceListContentView.swift in Sources */,
				2DA5078F29F0546E008C53D2 /* CircularImageView.swift in Sources */,
				2D66086E28A40C6E00C76819 /* WorkspaceListViewController.swift in Sources */,
				2DC2CFC928F752A200FB7ACE /* WorkspaceCoordinator.swift in Sources */,
				2DA5078929EDF626008C53D2 /* WorkspaceDetailReviewContentView.swift in Sources */,
				2D66087628A4186B00C76819 /* RootTabBarViewModel.swift in Sources */,
				2DC2CFC528F600B500FB7ACE /* Coordinator.swift in Sources */,
				2D4207D728A1726200F82B1F /* LoginViewController.swift in Sources */,
				27B153322B4E29DF001CA0A8 /* MapViewHeader.swift in Sources */,
				2DC810A6298334D200666610 /* WorkspaceDetailImageCell.swift in Sources */,
				2DC810B82992F8B200666610 /* DateFormatHelper.swift in Sources */,
				2D4207D928A172E500F82B1F /* LoginViewModel.swift in Sources */,
				2D66087828A44FD200C76819 /* RoundedUITabBarController.swift in Sources */,
				2DC810A02983194800666610 /* WorkspaceDetailImageContentView.swift in Sources */,
				2D4207C9289B168100F82B1F /* AuthManager.swift in Sources */,
				2DC810B2298991D800666610 /* WorkspaceDetailContentViewViewModel.swift in Sources */,
				2D4207C2289B05E800F82B1F /* WelcomeViewModel.swift in Sources */,
				2D0E53AA289ACF0700D77978 /* WelcomeViewController.swift in Sources */,
				2D4207C0289AFEF100F82B1F /* Theme.swift in Sources */,
				2DABF5B528DBB4C0007D660E /* MapViewController.swift in Sources */,
				2D66087A28A5CCA300C76819 /* WorkspaceListViewModel.swift in Sources */,
				2DABF5B728DBF573007D660E /* MapViewModel.swift in Sources */,
				2D4207C6289B14C400F82B1F /* CustomUIButton.swift in Sources */,
				2D66088B28AB0EB500C76819 /* WorkspaceListCell.swift in Sources */,
				2D66087D28A5F35800C76819 /* WorkspaceListContentConfiguration.swift in Sources */,
				2D4207D5289B41A100F82B1F /* NotificationBanner.swift in Sources */,
				2D66088528AAAD0400C76819 /* HeaderView.swift in Sources */,
				278B0E882B6990DE00BAFFEB /* UserProfileContentView.swift in Sources */,
				2D66088928AAB54C00C76819 /* WorkspaceManager.swift in Sources */,
				27B1532E2B4E08BF001CA0A8 /* AuthCoordinator.swift in Sources */,
				2DC810A829844C3B00666610 /* WorkspaceDetailImageContentViewViewModel.swift in Sources */,
				2D0E53A6289ACF0700D77978 /* AppDelegate.swift in Sources */,
				2D738B862A01A37C00BD50BE /* WorkspaceReviewPopOverViewController.swift in Sources */,
				278B0E8C2B69B52400BAFFEB /* UserProfileContentViewViewModel.swift in Sources */,
				2D0E53A8289ACF0700D77978 /* SceneDelegate.swift in Sources */,
				278B0E862B698FEF00BAFFEB /* UserProfileContentConfiguration.swift in Sources */,
				2D4207CD289B178C00F82B1F /* AlertingViewController.swift in Sources */,
				2D4207CB289B16EC00F82B1F /* UserManager.swift in Sources */,
				2DC810AE29898C6100666610 /* WorkspaceDetailContentConfiguration.swift in Sources */,
				2DC810AC2989875600666610 /* WorkspaceDetailContentView.swift in Sources */,
				2D66088728AAB3D700C76819 /* SectionHeaderSupplementaryView.swift in Sources */,
				2D66087028A40D1100C76819 /* CollectionsViewController.swift in Sources */,
				2DC810A22983206600666610 /* WorkspaceDetailViewController.swift in Sources */,
				2D4207C4289B146700F82B1F /* AccountRegistrationViewModel.swift in Sources */,
				2DC9246729280AF8000DF340 /* MapAnnotation.swift in Sources */,
				2D66088328A6AED200C76819 /* Workspace.swift in Sources */,
				2D66089028B5B4FB00C76819 /* WorkspaceListContentViewViewModel.swift in Sources */,
			);
			runOnlyForDeploymentPostprocessing = 0;
		};
		2D0E53B4289ACF0800D77978 /* Sources */ = {
			isa = PBXSourcesBuildPhase;
			buildActionMask = 2147483647;
			files = (
				2D64F90B28CA4AF00092C479 /* LoginViewControllerTest.swift in Sources */,
				2D66086C28A2E07700C76819 /* LoginViewModelTest.swift in Sources */,
				2D0E53BD289ACF0800D77978 /* CoWorkMobileAppTests.swift in Sources */,
				2D66086828A2D3F800C76819 /* WelcomeViewModelTest.swift in Sources */,
				2D66089228BE9DE400C76819 /* RootTabBarViewModelTest.swift in Sources */,
				2D64F90D28CA4FCC0092C479 /* AccountRegistrationViewControllerTest.swift in Sources */,
				2D66086A28A2DAC200C76819 /* AccountRegistrationViewModelTest.swift in Sources */,
			);
			runOnlyForDeploymentPostprocessing = 0;
		};
		2D0E53BE289ACF0800D77978 /* Sources */ = {
			isa = PBXSourcesBuildPhase;
			buildActionMask = 2147483647;
			files = (
				2D0E53C7289ACF0800D77978 /* CoWorkMobileAppUITests.swift in Sources */,
				2D0E53C9289ACF0800D77978 /* CoWorkMobileAppUITestsLaunchTests.swift in Sources */,
			);
			runOnlyForDeploymentPostprocessing = 0;
		};
/* End PBXSourcesBuildPhase section */

/* Begin PBXTargetDependency section */
		2D0E53BA289ACF0800D77978 /* PBXTargetDependency */ = {
			isa = PBXTargetDependency;
			target = 2D0E53A1289ACF0700D77978 /* CoWorkMobileApp */;
			targetProxy = 2D0E53B9289ACF0800D77978 /* PBXContainerItemProxy */;
		};
		2D0E53C4289ACF0800D77978 /* PBXTargetDependency */ = {
			isa = PBXTargetDependency;
			target = 2D0E53A1289ACF0700D77978 /* CoWorkMobileApp */;
			targetProxy = 2D0E53C3289ACF0800D77978 /* PBXContainerItemProxy */;
		};
/* End PBXTargetDependency section */

/* Begin PBXVariantGroup section */
		2D0E53B0289ACF0800D77978 /* LaunchScreen.storyboard */ = {
			isa = PBXVariantGroup;
			children = (
				2D0E53B1289ACF0800D77978 /* Base */,
			);
			name = LaunchScreen.storyboard;
			sourceTree = "<group>";
		};
/* End PBXVariantGroup section */

/* Begin XCBuildConfiguration section */
		2D0E53CA289ACF0800D77978 /* Debug */ = {
			isa = XCBuildConfiguration;
			baseConfigurationReference = 2D66088E28B42AE200C76819 /* APIKeys.xcconfig */;
			buildSettings = {
				ALWAYS_SEARCH_USER_PATHS = NO;
				CLANG_ANALYZER_NONNULL = YES;
				CLANG_ANALYZER_NUMBER_OBJECT_CONVERSION = YES_AGGRESSIVE;
				CLANG_CXX_LANGUAGE_STANDARD = "gnu++17";
				CLANG_CXX_LIBRARY = "libc++";
				CLANG_ENABLE_MODULES = YES;
				CLANG_ENABLE_OBJC_ARC = YES;
				CLANG_ENABLE_OBJC_WEAK = YES;
				CLANG_WARN_BLOCK_CAPTURE_AUTORELEASING = YES;
				CLANG_WARN_BOOL_CONVERSION = YES;
				CLANG_WARN_COMMA = YES;
				CLANG_WARN_CONSTANT_CONVERSION = YES;
				CLANG_WARN_DEPRECATED_OBJC_IMPLEMENTATIONS = YES;
				CLANG_WARN_DIRECT_OBJC_ISA_USAGE = YES_ERROR;
				CLANG_WARN_DOCUMENTATION_COMMENTS = YES;
				CLANG_WARN_EMPTY_BODY = YES;
				CLANG_WARN_ENUM_CONVERSION = YES;
				CLANG_WARN_INFINITE_RECURSION = YES;
				CLANG_WARN_INT_CONVERSION = YES;
				CLANG_WARN_NON_LITERAL_NULL_CONVERSION = YES;
				CLANG_WARN_OBJC_IMPLICIT_RETAIN_SELF = YES;
				CLANG_WARN_OBJC_LITERAL_CONVERSION = YES;
				CLANG_WARN_OBJC_ROOT_CLASS = YES_ERROR;
				CLANG_WARN_QUOTED_INCLUDE_IN_FRAMEWORK_HEADER = YES;
				CLANG_WARN_RANGE_LOOP_ANALYSIS = YES;
				CLANG_WARN_STRICT_PROTOTYPES = YES;
				CLANG_WARN_SUSPICIOUS_MOVE = YES;
				CLANG_WARN_UNGUARDED_AVAILABILITY = YES_AGGRESSIVE;
				CLANG_WARN_UNREACHABLE_CODE = YES;
				CLANG_WARN__DUPLICATE_METHOD_MATCH = YES;
				COPY_PHASE_STRIP = NO;
				DEBUG_INFORMATION_FORMAT = dwarf;
				ENABLE_STRICT_OBJC_MSGSEND = YES;
				ENABLE_TESTABILITY = YES;
				GCC_C_LANGUAGE_STANDARD = gnu11;
				GCC_DYNAMIC_NO_PIC = NO;
				GCC_NO_COMMON_BLOCKS = YES;
				GCC_OPTIMIZATION_LEVEL = 0;
				GCC_PREPROCESSOR_DEFINITIONS = (
					"DEBUG=1",
					"$(inherited)",
				);
				GCC_WARN_64_TO_32_BIT_CONVERSION = YES;
				GCC_WARN_ABOUT_RETURN_TYPE = YES_ERROR;
				GCC_WARN_UNDECLARED_SELECTOR = YES;
				GCC_WARN_UNINITIALIZED_AUTOS = YES_AGGRESSIVE;
				GCC_WARN_UNUSED_FUNCTION = YES;
				GCC_WARN_UNUSED_VARIABLE = YES;
				IPHONEOS_DEPLOYMENT_TARGET = 15.2;
				MTL_ENABLE_DEBUG_INFO = INCLUDE_SOURCE;
				MTL_FAST_MATH = YES;
				ONLY_ACTIVE_ARCH = YES;
				SDKROOT = iphoneos;
				SWIFT_ACTIVE_COMPILATION_CONDITIONS = DEBUG;
				SWIFT_OPTIMIZATION_LEVEL = "-Onone";
			};
			name = Debug;
		};
		2D0E53CB289ACF0800D77978 /* Release */ = {
			isa = XCBuildConfiguration;
			baseConfigurationReference = 2D66088E28B42AE200C76819 /* APIKeys.xcconfig */;
			buildSettings = {
				ALWAYS_SEARCH_USER_PATHS = NO;
				CLANG_ANALYZER_NONNULL = YES;
				CLANG_ANALYZER_NUMBER_OBJECT_CONVERSION = YES_AGGRESSIVE;
				CLANG_CXX_LANGUAGE_STANDARD = "gnu++17";
				CLANG_CXX_LIBRARY = "libc++";
				CLANG_ENABLE_MODULES = YES;
				CLANG_ENABLE_OBJC_ARC = YES;
				CLANG_ENABLE_OBJC_WEAK = YES;
				CLANG_WARN_BLOCK_CAPTURE_AUTORELEASING = YES;
				CLANG_WARN_BOOL_CONVERSION = YES;
				CLANG_WARN_COMMA = YES;
				CLANG_WARN_CONSTANT_CONVERSION = YES;
				CLANG_WARN_DEPRECATED_OBJC_IMPLEMENTATIONS = YES;
				CLANG_WARN_DIRECT_OBJC_ISA_USAGE = YES_ERROR;
				CLANG_WARN_DOCUMENTATION_COMMENTS = YES;
				CLANG_WARN_EMPTY_BODY = YES;
				CLANG_WARN_ENUM_CONVERSION = YES;
				CLANG_WARN_INFINITE_RECURSION = YES;
				CLANG_WARN_INT_CONVERSION = YES;
				CLANG_WARN_NON_LITERAL_NULL_CONVERSION = YES;
				CLANG_WARN_OBJC_IMPLICIT_RETAIN_SELF = YES;
				CLANG_WARN_OBJC_LITERAL_CONVERSION = YES;
				CLANG_WARN_OBJC_ROOT_CLASS = YES_ERROR;
				CLANG_WARN_QUOTED_INCLUDE_IN_FRAMEWORK_HEADER = YES;
				CLANG_WARN_RANGE_LOOP_ANALYSIS = YES;
				CLANG_WARN_STRICT_PROTOTYPES = YES;
				CLANG_WARN_SUSPICIOUS_MOVE = YES;
				CLANG_WARN_UNGUARDED_AVAILABILITY = YES_AGGRESSIVE;
				CLANG_WARN_UNREACHABLE_CODE = YES;
				CLANG_WARN__DUPLICATE_METHOD_MATCH = YES;
				COPY_PHASE_STRIP = NO;
				DEBUG_INFORMATION_FORMAT = "dwarf-with-dsym";
				ENABLE_NS_ASSERTIONS = NO;
				ENABLE_STRICT_OBJC_MSGSEND = YES;
				GCC_C_LANGUAGE_STANDARD = gnu11;
				GCC_NO_COMMON_BLOCKS = YES;
				GCC_WARN_64_TO_32_BIT_CONVERSION = YES;
				GCC_WARN_ABOUT_RETURN_TYPE = YES_ERROR;
				GCC_WARN_UNDECLARED_SELECTOR = YES;
				GCC_WARN_UNINITIALIZED_AUTOS = YES_AGGRESSIVE;
				GCC_WARN_UNUSED_FUNCTION = YES;
				GCC_WARN_UNUSED_VARIABLE = YES;
				IPHONEOS_DEPLOYMENT_TARGET = 15.2;
				MTL_ENABLE_DEBUG_INFO = NO;
				MTL_FAST_MATH = YES;
				SDKROOT = iphoneos;
				SWIFT_COMPILATION_MODE = wholemodule;
				SWIFT_OPTIMIZATION_LEVEL = "-O";
				VALIDATE_PRODUCT = YES;
			};
			name = Release;
		};
		2D0E53CD289ACF0800D77978 /* Debug */ = {
			isa = XCBuildConfiguration;
			baseConfigurationReference = 5E015C0E29A8C9BA62B4D163 /* Pods-CoWorkMobileApp.debug.xcconfig */;
			buildSettings = {
				ASSETCATALOG_COMPILER_APPICON_NAME = AppIcon;
				ASSETCATALOG_COMPILER_GLOBAL_ACCENT_COLOR_NAME = AccentColor;
				CODE_SIGN_ENTITLEMENTS = CoWorkMobileApp/CoWorkMobileApp.entitlements;
				CODE_SIGN_STYLE = Automatic;
				CURRENT_PROJECT_VERSION = 2;
				DEVELOPMENT_TEAM = N4RBX9TSJP;
				GENERATE_INFOPLIST_FILE = YES;
				INFOPLIST_FILE = CoWorkMobileApp/Info.plist;
				INFOPLIST_KEY_LSApplicationCategoryType = "";
				INFOPLIST_KEY_NSLocationAlwaysAndWhenInUseUsageDescription = "This application requires location services to work";
				INFOPLIST_KEY_NSLocationWhenInUseUsageDescription = "This application requires location services to work";
				INFOPLIST_KEY_UIApplicationSupportsIndirectInputEvents = YES;
				INFOPLIST_KEY_UILaunchStoryboardName = LaunchScreen;
				INFOPLIST_KEY_UISupportedInterfaceOrientations_iPad = "UIInterfaceOrientationPortrait UIInterfaceOrientationPortraitUpsideDown UIInterfaceOrientationLandscapeLeft UIInterfaceOrientationLandscapeRight";
				INFOPLIST_KEY_UISupportedInterfaceOrientations_iPhone = "UIInterfaceOrientationPortrait UIInterfaceOrientationLandscapeLeft UIInterfaceOrientationLandscapeRight";
				LD_RUNPATH_SEARCH_PATHS = (
					"$(inherited)",
					"@executable_path/Frameworks",
				);
				MARKETING_VERSION = 1.0;
				PRODUCT_BUNDLE_IDENTIFIER = com.qadriyyah.CoWorkMobileApp;
				PRODUCT_NAME = "$(TARGET_NAME)";
				SUPPORTED_PLATFORMS = "iphoneos iphonesimulator";
				SUPPORTS_MACCATALYST = NO;
				SUPPORTS_MAC_DESIGNED_FOR_IPHONE_IPAD = YES;
				SWIFT_EMIT_LOC_STRINGS = YES;
				SWIFT_VERSION = 5.0;
				TARGETED_DEVICE_FAMILY = 1;
			};
			name = Debug;
		};
		2D0E53CE289ACF0800D77978 /* Release */ = {
			isa = XCBuildConfiguration;
			baseConfigurationReference = 9194BC6F3CB0C980E19AF3A6 /* Pods-CoWorkMobileApp.release.xcconfig */;
			buildSettings = {
				ASSETCATALOG_COMPILER_APPICON_NAME = AppIcon;
				ASSETCATALOG_COMPILER_GLOBAL_ACCENT_COLOR_NAME = AccentColor;
				CODE_SIGN_ENTITLEMENTS = CoWorkMobileApp/CoWorkMobileApp.entitlements;
				CODE_SIGN_STYLE = Automatic;
				CURRENT_PROJECT_VERSION = 2;
				DEVELOPMENT_TEAM = N4RBX9TSJP;
				GENERATE_INFOPLIST_FILE = YES;
				INFOPLIST_FILE = CoWorkMobileApp/Info.plist;
				INFOPLIST_KEY_LSApplicationCategoryType = "";
				INFOPLIST_KEY_NSLocationAlwaysAndWhenInUseUsageDescription = "This application requires location services to work";
				INFOPLIST_KEY_NSLocationWhenInUseUsageDescription = "This application requires location services to work";
				INFOPLIST_KEY_UIApplicationSupportsIndirectInputEvents = YES;
				INFOPLIST_KEY_UILaunchStoryboardName = LaunchScreen;
				INFOPLIST_KEY_UISupportedInterfaceOrientations_iPad = "UIInterfaceOrientationPortrait UIInterfaceOrientationPortraitUpsideDown UIInterfaceOrientationLandscapeLeft UIInterfaceOrientationLandscapeRight";
				INFOPLIST_KEY_UISupportedInterfaceOrientations_iPhone = "UIInterfaceOrientationPortrait UIInterfaceOrientationLandscapeLeft UIInterfaceOrientationLandscapeRight";
				LD_RUNPATH_SEARCH_PATHS = (
					"$(inherited)",
					"@executable_path/Frameworks",
				);
				MARKETING_VERSION = 1.0;
				PRODUCT_BUNDLE_IDENTIFIER = com.qadriyyah.CoWorkMobileApp;
				PRODUCT_NAME = "$(TARGET_NAME)";
				SUPPORTED_PLATFORMS = "iphoneos iphonesimulator";
				SUPPORTS_MACCATALYST = NO;
				SUPPORTS_MAC_DESIGNED_FOR_IPHONE_IPAD = YES;
				SWIFT_EMIT_LOC_STRINGS = YES;
				SWIFT_VERSION = 5.0;
				TARGETED_DEVICE_FAMILY = 1;
			};
			name = Release;
		};
		2D0E53D0289ACF0800D77978 /* Debug */ = {
			isa = XCBuildConfiguration;
			baseConfigurationReference = ECF760D4C7A8105EB31F77B8 /* Pods-CoWorkMobileAppTests.debug.xcconfig */;
			buildSettings = {
				ALWAYS_EMBED_SWIFT_STANDARD_LIBRARIES = YES;
				BUNDLE_LOADER = "$(TEST_HOST)";
				CODE_SIGN_STYLE = Automatic;
				CURRENT_PROJECT_VERSION = 1;
				DEVELOPMENT_TEAM = N4RBX9TSJP;
				GENERATE_INFOPLIST_FILE = YES;
				IPHONEOS_DEPLOYMENT_TARGET = 15.2;
				MARKETING_VERSION = 1.0;
				PRODUCT_BUNDLE_IDENTIFIER = com.qadriyyah.CoWorkMobileAppTests;
				PRODUCT_NAME = "$(TARGET_NAME)";
				SWIFT_EMIT_LOC_STRINGS = NO;
				SWIFT_VERSION = 5.0;
				TARGETED_DEVICE_FAMILY = "1,2";
				TEST_HOST = "$(BUILT_PRODUCTS_DIR)/CoWorkMobileApp.app/CoWorkMobileApp";
			};
			name = Debug;
		};
		2D0E53D1289ACF0800D77978 /* Release */ = {
			isa = XCBuildConfiguration;
			baseConfigurationReference = 99FC261BDDB8B443371ED0A6 /* Pods-CoWorkMobileAppTests.release.xcconfig */;
			buildSettings = {
				ALWAYS_EMBED_SWIFT_STANDARD_LIBRARIES = YES;
				BUNDLE_LOADER = "$(TEST_HOST)";
				CODE_SIGN_STYLE = Automatic;
				CURRENT_PROJECT_VERSION = 1;
				DEVELOPMENT_TEAM = N4RBX9TSJP;
				GENERATE_INFOPLIST_FILE = YES;
				IPHONEOS_DEPLOYMENT_TARGET = 15.2;
				MARKETING_VERSION = 1.0;
				PRODUCT_BUNDLE_IDENTIFIER = com.qadriyyah.CoWorkMobileAppTests;
				PRODUCT_NAME = "$(TARGET_NAME)";
				SWIFT_EMIT_LOC_STRINGS = NO;
				SWIFT_VERSION = 5.0;
				TARGETED_DEVICE_FAMILY = "1,2";
				TEST_HOST = "$(BUILT_PRODUCTS_DIR)/CoWorkMobileApp.app/CoWorkMobileApp";
			};
			name = Release;
		};
		2D0E53D3289ACF0800D77978 /* Debug */ = {
			isa = XCBuildConfiguration;
			baseConfigurationReference = C06DBC7CF90618B7F92530AF /* Pods-CoWorkMobileApp-CoWorkMobileAppUITests.debug.xcconfig */;
			buildSettings = {
				ALWAYS_EMBED_SWIFT_STANDARD_LIBRARIES = YES;
				CODE_SIGN_STYLE = Automatic;
				CURRENT_PROJECT_VERSION = 1;
				DEVELOPMENT_TEAM = N4RBX9TSJP;
				GENERATE_INFOPLIST_FILE = YES;
				MARKETING_VERSION = 1.0;
				PRODUCT_BUNDLE_IDENTIFIER = com.qadriyyah.CoWorkMobileAppUITests;
				PRODUCT_NAME = "$(TARGET_NAME)";
				SWIFT_EMIT_LOC_STRINGS = NO;
				SWIFT_VERSION = 5.0;
				TARGETED_DEVICE_FAMILY = "1,2";
				TEST_TARGET_NAME = CoWorkMobileApp;
			};
			name = Debug;
		};
		2D0E53D4289ACF0800D77978 /* Release */ = {
			isa = XCBuildConfiguration;
			baseConfigurationReference = C85649404DA359FDBEDDE770 /* Pods-CoWorkMobileApp-CoWorkMobileAppUITests.release.xcconfig */;
			buildSettings = {
				ALWAYS_EMBED_SWIFT_STANDARD_LIBRARIES = YES;
				CODE_SIGN_STYLE = Automatic;
				CURRENT_PROJECT_VERSION = 1;
				DEVELOPMENT_TEAM = N4RBX9TSJP;
				GENERATE_INFOPLIST_FILE = YES;
				MARKETING_VERSION = 1.0;
				PRODUCT_BUNDLE_IDENTIFIER = com.qadriyyah.CoWorkMobileAppUITests;
				PRODUCT_NAME = "$(TARGET_NAME)";
				SWIFT_EMIT_LOC_STRINGS = NO;
				SWIFT_VERSION = 5.0;
				TARGETED_DEVICE_FAMILY = "1,2";
				TEST_TARGET_NAME = CoWorkMobileApp;
			};
			name = Release;
		};
/* End XCBuildConfiguration section */

/* Begin XCConfigurationList section */
		2D0E539D289ACF0600D77978 /* Build configuration list for PBXProject "CoWorkMobileApp" */ = {
			isa = XCConfigurationList;
			buildConfigurations = (
				2D0E53CA289ACF0800D77978 /* Debug */,
				2D0E53CB289ACF0800D77978 /* Release */,
			);
			defaultConfigurationIsVisible = 0;
			defaultConfigurationName = Release;
		};
		2D0E53CC289ACF0800D77978 /* Build configuration list for PBXNativeTarget "CoWorkMobileApp" */ = {
			isa = XCConfigurationList;
			buildConfigurations = (
				2D0E53CD289ACF0800D77978 /* Debug */,
				2D0E53CE289ACF0800D77978 /* Release */,
			);
			defaultConfigurationIsVisible = 0;
			defaultConfigurationName = Release;
		};
		2D0E53CF289ACF0800D77978 /* Build configuration list for PBXNativeTarget "CoWorkMobileAppTests" */ = {
			isa = XCConfigurationList;
			buildConfigurations = (
				2D0E53D0289ACF0800D77978 /* Debug */,
				2D0E53D1289ACF0800D77978 /* Release */,
			);
			defaultConfigurationIsVisible = 0;
			defaultConfigurationName = Release;
		};
		2D0E53D2289ACF0800D77978 /* Build configuration list for PBXNativeTarget "CoWorkMobileAppUITests" */ = {
			isa = XCConfigurationList;
			buildConfigurations = (
				2D0E53D3289ACF0800D77978 /* Debug */,
				2D0E53D4289ACF0800D77978 /* Release */,
			);
			defaultConfigurationIsVisible = 0;
			defaultConfigurationName = Release;
		};
/* End XCConfigurationList section */
	};
	rootObject = 2D0E539A289ACF0600D77978 /* Project object */;
}
